{
  "name": "my-proj1",
  "version": "1.0.0",
  "lockfileVersion": 3,
  "requires": true,
  "packages": {
    "": {
      "name": "sca-test-project",
      "version": "1.0.0",
      "dependencies": {
        "inflight": "1.0.6"
      }
    },
    "node_modules/inflight": {
      "version": "1.0.6"
    }
  }
}